
Microsoft Visual Studio Solution File, Format Version 12.00
# Visual Studio 2013
VisualStudioVersion = 12.0.30723.0
MinimumVisualStudioVersion = 10.0.40219.1
Project("{FAE04EC0-301F-11D3-BF4B-00C04F79EFBC}") = "CookieGetterSharp", "CookieGetterSharp\CookieGetterSharp.csproj", "{ACB84F0E-B482-46B0-8C29-1FAC6C85D622}"
	ProjectSection(ProjectDependencies) = postProject
		{6B024D6D-EE44-4E98-8612-ECDE351E5182} = {6B024D6D-EE44-4E98-8612-ECDE351E5182}
	EndProjectSection
EndProject
Project("{FAE04EC0-301F-11D3-BF4B-00C04F79EFBC}") = "NwhoisLoginSystem", "NwhoisLoginSystem\NwhoisLoginSystem.csproj", "{7A4CC4FE-BB58-4783-87DA-0D98F6081B94}"
EndProject
Project("{FAE04EC0-301F-11D3-BF4B-00C04F79EFBC}") = "CookieGetterSharp.x86Proxy", "CookieGetterSharp.x86Proxy\CookieGetterSharp.x86Proxy.csproj", "{6B024D6D-EE44-4E98-8612-ECDE351E5182}"
EndProject
Global
	GlobalSection(SolutionConfigurationPlatforms) = preSolution
		Debug|Any CPU = Debug|Any CPU
		Release|Any CPU = Release|Any CPU
	EndGlobalSection
	GlobalSection(ProjectConfigurationPlatforms) = postSolution
		{ACB84F0E-B482-46B0-8C29-1FAC6C85D622}.Debug|Any CPU.ActiveCfg = Debug|Any CPU
		{ACB84F0E-B482-46B0-8C29-1FAC6C85D622}.Debug|Any CPU.Build.0 = Debug|Any CPU
		{ACB84F0E-B482-46B0-8C29-1FAC6C85D622}.Release|Any CPU.ActiveCfg = Release|Any CPU
		{ACB84F0E-B482-46B0-8C29-1FAC6C85D622}.Release|Any CPU.Build.0 = Release|Any CPU
		{7A4CC4FE-BB58-4783-87DA-0D98F6081B94}.Debug|Any CPU.ActiveCfg = Debug|Any CPU
		{7A4CC4FE-BB58-4783-87DA-0D98F6081B94}.Debug|Any CPU.Build.0 = Debug|Any CPU
		{7A4CC4FE-BB58-4783-87DA-0D98F6081B94}.Release|Any CPU.ActiveCfg = Release|Any CPU
		{7A4CC4FE-BB58-4783-87DA-0D98F6081B94}.Release|Any CPU.Build.0 = Release|Any CPU
		{6B024D6D-EE44-4E98-8612-ECDE351E5182}.Debug|Any CPU.ActiveCfg = Release|Any CPU
		{6B024D6D-EE44-4E98-8612-ECDE351E5182}.Debug|Any CPU.Build.0 = Release|Any CPU
		{6B024D6D-EE44-4E98-8612-ECDE351E5182}.Release|Any CPU.ActiveCfg = Release|Any CPU
		{6B024D6D-EE44-4E98-8612-ECDE351E5182}.Release|Any CPU.Build.0 = Release|Any CPU
	EndGlobalSection
	GlobalSection(SolutionProperties) = preSolution
		HideSolutionNode = FALSE
	EndGlobalSection
EndGlobal
