
Microsoft Visual Studio Solution File, Format Version 12.00
# Visual Studio 14
VisualStudioVersion = 14.0.25420.1
MinimumVisualStudioVersion = 10.0.40219.1
Project("{FAE04EC0-301F-11D3-BF4B-00C04F79EFBC}") = "UnitTests", "UnitTests\UnitTests.csproj", "{BCBC7A76-8A57-4723-87BC-0EFE6E37E542}"
EndProject
Project("{FAE04EC0-301F-11D3-BF4B-00C04F79EFBC}") = "SnkLib.App.CookieGetter", "Net4.5\SnkLib.App.CookieGetter\SnkLib.App.CookieGetter.csproj", "{BB3F3039-E8C2-4CB8-9257-59B92F03A87C}"
EndProject
Project("{2150E333-8FDC-42A3-9474-1A3956D46DE8}") = "Net4.5", "Net4.5", "{021D5F20-4EB9-4DE0-BD06-0C63A5257E11}"
EndProject
Project("{FAE04EC0-301F-11D3-BF4B-00C04F79EFBC}") = "SnkLib.App.CookieGetter.Forms", "Net4.5\SnkLib.App.CookieGetter.Forms\SnkLib.App.CookieGetter.Forms.csproj", "{21C104C4-9DDD-4449-B3CE-BD69068333DB}"
EndProject
Project("{2150E333-8FDC-42A3-9474-1A3956D46DE8}") = "Net4.0", "Net4.0", "{21F9D42E-0FF2-476C-BADC-914515DD853A}"
EndProject
Project("{FAE04EC0-301F-11D3-BF4B-00C04F79EFBC}") = "SnkLib.App.CookieGetter.x86Proxy", "Net4.0\SnkLib.App.CookieGetter.x86Proxy\SnkLib.App.CookieGetter.x86Proxy.csproj", "{6B024D6D-EE44-4E98-8612-ECDE351E5182}"
EndProject
Project("{FAE04EC0-301F-11D3-BF4B-00C04F79EFBC}") = "CookieGetterSharp", "Net4.5\CookieGetterSharp\CookieGetterSharp.csproj", "{EF10C03D-D0D0-48A2-A491-6469843396B5}"
EndProject
Project("{2150E333-8FDC-42A3-9474-1A3956D46DE8}") = "Nuspecs", "Nuspecs", "{25F670FD-79D6-4A2F-91E9-A1A6D96A4044}"
	ProjectSection(SolutionItems) = preProject
		Nuspecs\NuPacker.bat = Nuspecs\NuPacker.bat
		Nuspecs\SnkLib.App.CookieGetter.Forms.nuspec = Nuspecs\SnkLib.App.CookieGetter.Forms.nuspec
		Nuspecs\SnkLib.App.CookieGetter.nuspec = Nuspecs\SnkLib.App.CookieGetter.nuspec
	EndProjectSection
EndProject
Project("{FAE04EC0-301F-11D3-BF4B-00C04F79EFBC}") = "Sample", "Net4.5\Sample\Sample\Sample.csproj", "{14A980C2-8B21-4C0C-B34D-0D188D8EE911}"
EndProject
Project("{FAE04EC0-301F-11D3-BF4B-00C04F79EFBC}") = "NwhoisLoginSystem", "Net4.5\Sample\NwhoisLoginSystem\NwhoisLoginSystem.csproj", "{FAA80ADB-F755-4D64-9669-D251726FFD97}"
EndProject
Project("{FAE04EC0-301F-11D3-BF4B-00C04F79EFBC}") = "SnkLib.App.CookieGetter", "Net4.0\SnkLib.App.CookieGetter\SnkLib.App.CookieGetter.csproj", "{A0609B9B-4867-4001-878C-E6CFFA30B7B6}"
EndProject
Project("{FAE04EC0-301F-11D3-BF4B-00C04F79EFBC}") = "SnkLib.App.CookieGetter.Forms", "Net4.0\SnkLib.App.CookieGetter.Forms\SnkLib.App.CookieGetter.Forms.csproj", "{774F4296-1FFC-45F4-BC5F-53B3BDCA3E28}"
EndProject
Project("{FAE04EC0-301F-11D3-BF4B-00C04F79EFBC}") = "Sample", "Net4.0\Sample\Sample.csproj", "{6E1D8C15-101D-4DAE-8B81-1384BB5F931A}"
EndProject
Project("{2150E333-8FDC-42A3-9474-1A3956D46DE8}") = ".nuget", ".nuget", "{55DEF47B-C6A1-497C-9F65-915529F8B04E}"
	ProjectSection(SolutionItems) = preProject
		.nuget\packages.config = .nuget\packages.config
	EndProjectSection
EndProject
Project("{FAE04EC0-301F-11D3-BF4B-00C04F79EFBC}") = "LibChecker", "net4.0\LibChecker\LibChecker.csproj", "{64DF7E17-CA7E-4F67-93B0-8928A503CE17}"
EndProject
Project("{FAE04EC0-301F-11D3-BF4B-00C04F79EFBC}") = "LibChecker", "net4.5\LibChecker\LibChecker.csproj", "{87CE3A98-B9D3-4070-8BDD-EE19E5CBB8DF}"
EndProject
Global
	GlobalSection(SolutionConfigurationPlatforms) = preSolution
		Debug|Any CPU = Debug|Any CPU
		Debug|x86 = Debug|x86
		Release|Any CPU = Release|Any CPU
		Release|x86 = Release|x86
	EndGlobalSection
	GlobalSection(ProjectConfigurationPlatforms) = postSolution
		{BCBC7A76-8A57-4723-87BC-0EFE6E37E542}.Debug|Any CPU.ActiveCfg = Debug|Any CPU
		{BCBC7A76-8A57-4723-87BC-0EFE6E37E542}.Debug|Any CPU.Build.0 = Debug|Any CPU
		{BCBC7A76-8A57-4723-87BC-0EFE6E37E542}.Debug|x86.ActiveCfg = Debug|Any CPU
		{BCBC7A76-8A57-4723-87BC-0EFE6E37E542}.Release|Any CPU.ActiveCfg = Release|Any CPU
		{BCBC7A76-8A57-4723-87BC-0EFE6E37E542}.Release|Any CPU.Build.0 = Release|Any CPU
		{BCBC7A76-8A57-4723-87BC-0EFE6E37E542}.Release|x86.ActiveCfg = Release|Any CPU
		{BB3F3039-E8C2-4CB8-9257-59B92F03A87C}.Debug|Any CPU.ActiveCfg = Debug|Any CPU
		{BB3F3039-E8C2-4CB8-9257-59B92F03A87C}.Debug|Any CPU.Build.0 = Debug|Any CPU
		{BB3F3039-E8C2-4CB8-9257-59B92F03A87C}.Debug|x86.ActiveCfg = Debug|Any CPU
		{BB3F3039-E8C2-4CB8-9257-59B92F03A87C}.Release|Any CPU.ActiveCfg = Release|Any CPU
		{BB3F3039-E8C2-4CB8-9257-59B92F03A87C}.Release|Any CPU.Build.0 = Release|Any CPU
		{BB3F3039-E8C2-4CB8-9257-59B92F03A87C}.Release|x86.ActiveCfg = Release|Any CPU
		{21C104C4-9DDD-4449-B3CE-BD69068333DB}.Debug|Any CPU.ActiveCfg = Debug|Any CPU
		{21C104C4-9DDD-4449-B3CE-BD69068333DB}.Debug|Any CPU.Build.0 = Debug|Any CPU
		{21C104C4-9DDD-4449-B3CE-BD69068333DB}.Debug|x86.ActiveCfg = Debug|Any CPU
		{21C104C4-9DDD-4449-B3CE-BD69068333DB}.Release|Any CPU.ActiveCfg = Release|Any CPU
		{21C104C4-9DDD-4449-B3CE-BD69068333DB}.Release|Any CPU.Build.0 = Release|Any CPU
		{21C104C4-9DDD-4449-B3CE-BD69068333DB}.Release|x86.ActiveCfg = Release|Any CPU
		{6B024D6D-EE44-4E98-8612-ECDE351E5182}.Debug|Any CPU.ActiveCfg = Debug|Any CPU
		{6B024D6D-EE44-4E98-8612-ECDE351E5182}.Debug|Any CPU.Build.0 = Debug|Any CPU
		{6B024D6D-EE44-4E98-8612-ECDE351E5182}.Debug|x86.ActiveCfg = Debug|Any CPU
		{6B024D6D-EE44-4E98-8612-ECDE351E5182}.Release|Any CPU.ActiveCfg = Release|Any CPU
		{6B024D6D-EE44-4E98-8612-ECDE351E5182}.Release|Any CPU.Build.0 = Release|Any CPU
		{6B024D6D-EE44-4E98-8612-ECDE351E5182}.Release|x86.ActiveCfg = Release|Any CPU
		{EF10C03D-D0D0-48A2-A491-6469843396B5}.Debug|Any CPU.ActiveCfg = Debug|Any CPU
		{EF10C03D-D0D0-48A2-A491-6469843396B5}.Debug|Any CPU.Build.0 = Debug|Any CPU
		{EF10C03D-D0D0-48A2-A491-6469843396B5}.Debug|x86.ActiveCfg = Debug|Any CPU
		{EF10C03D-D0D0-48A2-A491-6469843396B5}.Release|Any CPU.ActiveCfg = Release|Any CPU
		{EF10C03D-D0D0-48A2-A491-6469843396B5}.Release|Any CPU.Build.0 = Release|Any CPU
		{EF10C03D-D0D0-48A2-A491-6469843396B5}.Release|x86.ActiveCfg = Release|Any CPU
		{14A980C2-8B21-4C0C-B34D-0D188D8EE911}.Debug|Any CPU.ActiveCfg = Debug|Any CPU
		{14A980C2-8B21-4C0C-B34D-0D188D8EE911}.Debug|Any CPU.Build.0 = Debug|Any CPU
		{14A980C2-8B21-4C0C-B34D-0D188D8EE911}.Debug|x86.ActiveCfg = Debug|x86
		{14A980C2-8B21-4C0C-B34D-0D188D8EE911}.Debug|x86.Build.0 = Debug|x86
		{14A980C2-8B21-4C0C-B34D-0D188D8EE911}.Release|Any CPU.ActiveCfg = Release|Any CPU
		{14A980C2-8B21-4C0C-B34D-0D188D8EE911}.Release|Any CPU.Build.0 = Release|Any CPU
		{14A980C2-8B21-4C0C-B34D-0D188D8EE911}.Release|x86.ActiveCfg = Release|x86
		{14A980C2-8B21-4C0C-B34D-0D188D8EE911}.Release|x86.Build.0 = Release|x86
		{FAA80ADB-F755-4D64-9669-D251726FFD97}.Debug|Any CPU.ActiveCfg = Debug|Any CPU
		{FAA80ADB-F755-4D64-9669-D251726FFD97}.Debug|Any CPU.Build.0 = Debug|Any CPU
		{FAA80ADB-F755-4D64-9669-D251726FFD97}.Debug|x86.ActiveCfg = Debug|x86
		{FAA80ADB-F755-4D64-9669-D251726FFD97}.Debug|x86.Build.0 = Debug|x86
		{FAA80ADB-F755-4D64-9669-D251726FFD97}.Release|Any CPU.ActiveCfg = Release|Any CPU
		{FAA80ADB-F755-4D64-9669-D251726FFD97}.Release|Any CPU.Build.0 = Release|Any CPU
		{FAA80ADB-F755-4D64-9669-D251726FFD97}.Release|x86.ActiveCfg = Release|x86
		{FAA80ADB-F755-4D64-9669-D251726FFD97}.Release|x86.Build.0 = Release|x86
		{A0609B9B-4867-4001-878C-E6CFFA30B7B6}.Debug|Any CPU.ActiveCfg = Debug|Any CPU
		{A0609B9B-4867-4001-878C-E6CFFA30B7B6}.Debug|Any CPU.Build.0 = Debug|Any CPU
		{A0609B9B-4867-4001-878C-E6CFFA30B7B6}.Debug|x86.ActiveCfg = Debug|Any CPU
		{A0609B9B-4867-4001-878C-E6CFFA30B7B6}.Release|Any CPU.ActiveCfg = Release|Any CPU
		{A0609B9B-4867-4001-878C-E6CFFA30B7B6}.Release|Any CPU.Build.0 = Release|Any CPU
		{A0609B9B-4867-4001-878C-E6CFFA30B7B6}.Release|x86.ActiveCfg = Release|Any CPU
		{774F4296-1FFC-45F4-BC5F-53B3BDCA3E28}.Debug|Any CPU.ActiveCfg = Debug|Any CPU
		{774F4296-1FFC-45F4-BC5F-53B3BDCA3E28}.Debug|Any CPU.Build.0 = Debug|Any CPU
		{774F4296-1FFC-45F4-BC5F-53B3BDCA3E28}.Debug|x86.ActiveCfg = Debug|Any CPU
		{774F4296-1FFC-45F4-BC5F-53B3BDCA3E28}.Release|Any CPU.ActiveCfg = Release|Any CPU
		{774F4296-1FFC-45F4-BC5F-53B3BDCA3E28}.Release|Any CPU.Build.0 = Release|Any CPU
		{774F4296-1FFC-45F4-BC5F-53B3BDCA3E28}.Release|x86.ActiveCfg = Release|Any CPU
		{6E1D8C15-101D-4DAE-8B81-1384BB5F931A}.Debug|Any CPU.ActiveCfg = Debug|Any CPU
		{6E1D8C15-101D-4DAE-8B81-1384BB5F931A}.Debug|Any CPU.Build.0 = Debug|Any CPU
		{6E1D8C15-101D-4DAE-8B81-1384BB5F931A}.Debug|x86.ActiveCfg = Debug|Any CPU
		{6E1D8C15-101D-4DAE-8B81-1384BB5F931A}.Release|Any CPU.ActiveCfg = Release|Any CPU
		{6E1D8C15-101D-4DAE-8B81-1384BB5F931A}.Release|Any CPU.Build.0 = Release|Any CPU
		{6E1D8C15-101D-4DAE-8B81-1384BB5F931A}.Release|x86.ActiveCfg = Release|Any CPU
		{64DF7E17-CA7E-4F67-93B0-8928A503CE17}.Debug|Any CPU.ActiveCfg = Debug|Any CPU
		{64DF7E17-CA7E-4F67-93B0-8928A503CE17}.Debug|Any CPU.Build.0 = Debug|Any CPU
		{64DF7E17-CA7E-4F67-93B0-8928A503CE17}.Debug|x86.ActiveCfg = Debug|Any CPU
		{64DF7E17-CA7E-4F67-93B0-8928A503CE17}.Release|Any CPU.ActiveCfg = Release|Any CPU
		{64DF7E17-CA7E-4F67-93B0-8928A503CE17}.Release|Any CPU.Build.0 = Release|Any CPU
		{64DF7E17-CA7E-4F67-93B0-8928A503CE17}.Release|x86.ActiveCfg = Release|Any CPU
		{87CE3A98-B9D3-4070-8BDD-EE19E5CBB8DF}.Debug|Any CPU.ActiveCfg = Debug|Any CPU
		{87CE3A98-B9D3-4070-8BDD-EE19E5CBB8DF}.Debug|Any CPU.Build.0 = Debug|Any CPU
		{87CE3A98-B9D3-4070-8BDD-EE19E5CBB8DF}.Debug|x86.ActiveCfg = Debug|Any CPU
		{87CE3A98-B9D3-4070-8BDD-EE19E5CBB8DF}.Release|Any CPU.ActiveCfg = Release|Any CPU
		{87CE3A98-B9D3-4070-8BDD-EE19E5CBB8DF}.Release|Any CPU.Build.0 = Release|Any CPU
		{87CE3A98-B9D3-4070-8BDD-EE19E5CBB8DF}.Release|x86.ActiveCfg = Release|Any CPU
	EndGlobalSection
	GlobalSection(SolutionProperties) = preSolution
		HideSolutionNode = FALSE
	EndGlobalSection
	GlobalSection(NestedProjects) = preSolution
		{BB3F3039-E8C2-4CB8-9257-59B92F03A87C} = {021D5F20-4EB9-4DE0-BD06-0C63A5257E11}
		{21C104C4-9DDD-4449-B3CE-BD69068333DB} = {021D5F20-4EB9-4DE0-BD06-0C63A5257E11}
		{6B024D6D-EE44-4E98-8612-ECDE351E5182} = {21F9D42E-0FF2-476C-BADC-914515DD853A}
		{EF10C03D-D0D0-48A2-A491-6469843396B5} = {021D5F20-4EB9-4DE0-BD06-0C63A5257E11}
		{14A980C2-8B21-4C0C-B34D-0D188D8EE911} = {021D5F20-4EB9-4DE0-BD06-0C63A5257E11}
		{FAA80ADB-F755-4D64-9669-D251726FFD97} = {021D5F20-4EB9-4DE0-BD06-0C63A5257E11}
		{A0609B9B-4867-4001-878C-E6CFFA30B7B6} = {21F9D42E-0FF2-476C-BADC-914515DD853A}
		{774F4296-1FFC-45F4-BC5F-53B3BDCA3E28} = {21F9D42E-0FF2-476C-BADC-914515DD853A}
		{6E1D8C15-101D-4DAE-8B81-1384BB5F931A} = {21F9D42E-0FF2-476C-BADC-914515DD853A}
		{64DF7E17-CA7E-4F67-93B0-8928A503CE17} = {21F9D42E-0FF2-476C-BADC-914515DD853A}
		{87CE3A98-B9D3-4070-8BDD-EE19E5CBB8DF} = {021D5F20-4EB9-4DE0-BD06-0C63A5257E11}
	EndGlobalSection
EndGlobal
